<Solution>
  <Project Path="EscapeSync.Client/EscapeSync.Client.csproj" />
  <Project Path="EscapeSync.GameLogic/EscapeSync.GameLogic.csproj" />
  <Project Path="EscapeSync.GameLogic.Tests/EscapeSync.GameLogic.Tests.csproj" />
  <Project Path="EscapeSync.Server/EscapeSync.Server.csproj" />
  <Project Path="EscapeSync.Shared/EscapeSync.Shared.csproj" />
</Solution>
